
Microsoft Visual Studio Solution File, Format Version 12.00
# Visual Studio Version 17
VisualStudioVersion = 17.4.33213.308
MinimumVisualStudioVersion = 10.0.40219.1
Project("{FAE04EC0-301F-11D3-BF4B-00C04F79EFBC}") = "WPF_Word", "WPF_Word\WPF_Word.csproj", "{961D7949-6550-401E-BCC9-578A766CDBF3}"
EndProject
Global
	GlobalSection(SolutionConfigurationPlatforms) = preSolution
		Debug|Any CPU = Debug|Any CPU
		Release|Any CPU = Release|Any CPU
	EndGlobalSection
	GlobalSection(ProjectConfigurationPlatforms) = postSolution
		{961D7949-6550-401E-BCC9-578A766CDBF3}.Debug|Any CPU.ActiveCfg = Debug|Any CPU
		{961D7949-6550-401E-BCC9-578A766CDBF3}.Debug|Any CPU.Build.0 = Debug|Any CPU
		{961D7949-6550-401E-BCC9-578A766CDBF3}.Release|Any CPU.ActiveCfg = Release|Any CPU
		{961D7949-6550-401E-BCC9-578A766CDBF3}.Release|Any CPU.Build.0 = Release|Any CPU
	EndGlobalSection
	GlobalSection(SolutionProperties) = preSolution
		HideSolutionNode = FALSE
	EndGlobalSection
	GlobalSection(ExtensibilityGlobals) = postSolution
		SolutionGuid = {D1A9BCB7-FAE1-4053-B78E-01FD50C4957B}
	EndGlobalSection
EndGlobal
